
Microsoft Visual Studio Solution File, Format Version 12.00
# Visual Studio Version 16
VisualStudioVersion = 16.0.31321.278
MinimumVisualStudioVersion = 10.0.40219.1
Project("{FAE04EC0-301F-11D3-BF4B-00C04F79EFBC}") = "RazorExampleApp", "RazorExampleApp.csproj", "{54D936C1-6747-4547-A423-780C62E9817C}"
EndProject
Global
	GlobalSection(SolutionConfigurationPlatforms) = preSolution
		Debug|Any CPU = Debug|Any CPU
		Release|Any CPU = Release|Any CPU
	EndGlobalSection
	GlobalSection(ProjectConfigurationPlatforms) = postSolution
		{54D936C1-6747-4547-A423-780C62E9817C}.Debug|Any CPU.ActiveCfg = Debug|Any CPU
		{54D936C1-6747-4547-A423-780C62E9817C}.Debug|Any CPU.Build.0 = Debug|Any CPU
		{54D936C1-6747-4547-A423-780C62E9817C}.Release|Any CPU.ActiveCfg = Release|Any CPU
		{54D936C1-6747-4547-A423-780C62E9817C}.Release|Any CPU.Build.0 = Release|Any CPU
	EndGlobalSection
	GlobalSection(SolutionProperties) = preSolution
		HideSolutionNode = FALSE
	EndGlobalSection
	GlobalSection(ExtensibilityGlobals) = postSolution
		SolutionGuid = {E4820759-7DF7-4027-9E3C-1327683510B8}
	EndGlobalSection
EndGlobal
